lockfileVersion: '9.0'

settings:
  autoInstallPeers: true
  excludeLinksFromLockfile: false

importers:

  .:
    dependencies:
      minimist:
        specifier: ^1.2.8
        version: 1.2.8
      zx:
        specifier: ^8.2.4
        version: 8.8.5

packages:

  minimist@1.2.8:
    resolution: {integrity: sha512-2yyAR8qBkN3YuheJanUpWC5U3bb5osDywNB8RzDVlDwDHbocAJveqqj1u8+SVD7jkWT4yvsHCpWqqWqAxb0zCA==}

  zx@8.8.5:
    resolution: {integrity: sha512-SNgDF5L0gfN7FwVOdEFguY3orU5AkfFZm9B5YSHog/UDHv+lvmd82ZAsOenOkQixigwH2+yyH198AwNdKhj+RA==}
    engines: {node: '>= 12.17.0'}
    hasBin: true

snapshots:

  minimist@1.2.8: {}

  zx@8.8.5: {}
